{
  "name": "@mylabz-xyz/express-lazy",
  "version": "1.0.0",
  "lockfileVersion": 2,
  "requires": true,
  "packages": {
    "": {
      "name": "@mylabz-xyz/express-lazy",
      "version": "1.0.0",
      "license": "ISC",
      "dependencies": {
        "papaparse": "^5.3.2",
        "ts-deepmerge": "^2.0.1"
      },
      "devDependencies": {
        "@types/papaparse": "^5.3.2"
      }
    },
    "node_modules/@types/node": {
      "version": "18.0.3",
      "resolved": "https://registry.npmjs.org/@types/node/-/node-18.0.3.tgz",
      "integrity": "sha512-HzNRZtp4eepNitP+BD6k2L6DROIDG4Q0fm4x+dwfsr6LGmROENnok75VGw40628xf+iR24WeMFcHuuBDUAzzsQ==",
      "dev": true
    },
    "node_modules/@types/papaparse": {
      "version": "5.3.2",
      "resolved": "https://registry.npmjs.org/@types/papaparse/-/papaparse-5.3.2.tgz",
      "integrity": "sha512-BNbCHJkTE4RwmAFkCxEalET4mDvGr/1ld7ZtQ4i/laWI/iiVt+GL07stdvufle4KfywyvloqqpIiJscXNCrKxA==",
      "dev": true,
      "dependencies": {
        "@types/node": "*"
      }
    },
    "node_modules/papaparse": {
      "version": "5.3.2",
      "resolved": "https://registry.npmjs.org/papaparse/-/papaparse-5.3.2.tgz",
      "integrity": "sha512-6dNZu0Ki+gyV0eBsFKJhYr+MdQYAzFUGlBMNj3GNrmHxmz1lfRa24CjFObPXtjcetlOv5Ad299MhIK0znp3afw=="
    },
    "node_modules/ts-deepmerge": {
      "version": "2.0.1",
      "resolved": "https://registry.npmjs.org/ts-deepmerge/-/ts-deepmerge-2.0.1.tgz",
      "integrity": "sha512-2RpGIE0YVW6blKY756MP74czemC9x4XThhNCxq0A14Owm3ac8tZvigPbpZyZZQSyfOc7Qba5kG5xKBq74ihZfA=="
    }
  },
  "dependencies": {
    "@types/node": {
      "version": "18.0.3",
      "resolved": "https://registry.npmjs.org/@types/node/-/node-18.0.3.tgz",
      "integrity": "sha512-HzNRZtp4eepNitP+BD6k2L6DROIDG4Q0fm4x+dwfsr6LGmROENnok75VGw40628xf+iR24WeMFcHuuBDUAzzsQ==",
      "dev": true
    },
    "@types/papaparse": {
      "version": "5.3.2",
      "resolved": "https://registry.npmjs.org/@types/papaparse/-/papaparse-5.3.2.tgz",
      "integrity": "sha512-BNbCHJkTE4RwmAFkCxEalET4mDvGr/1ld7ZtQ4i/laWI/iiVt+GL07stdvufle4KfywyvloqqpIiJscXNCrKxA==",
      "dev": true,
      "requires": {
        "@types/node": "*"
      }
    },
    "papaparse": {
      "version": "5.3.2",
      "resolved": "https://registry.npmjs.org/papaparse/-/papaparse-5.3.2.tgz",
      "integrity": "sha512-6dNZu0Ki+gyV0eBsFKJhYr+MdQYAzFUGlBMNj3GNrmHxmz1lfRa24CjFObPXtjcetlOv5Ad299MhIK0znp3afw=="
    },
    "ts-deepmerge": {
      "version": "2.0.1",
      "resolved": "https://registry.npmjs.org/ts-deepmerge/-/ts-deepmerge-2.0.1.tgz",
      "integrity": "sha512-2RpGIE0YVW6blKY756MP74czemC9x4XThhNCxq0A14Owm3ac8tZvigPbpZyZZQSyfOc7Qba5kG5xKBq74ihZfA=="
    }
  }
}
